// !$*UTF8*$!
{
	archiveVersion = 1;
	classes = {
	};
	objectVersion = 55;
	objects = {

/* Begin PBXBuildFile section */
		882F25BD27BF4B9B00362AD8 /* BreadApp.swift in Sources */ = {isa = PBXBuildFile; fileRef = 882F25BC27BF4B9B00362AD8 /* BreadApp.swift */; };
		882F25BF27BF4B9B00362AD8 /* AppTabView.swift in Sources */ = {isa = PBXBuildFile; fileRef = 882F25BE27BF4B9B00362AD8 /* AppTabView.swift */; };
		882F25C127BF4B9D00362AD8 /* Assets.xcassets in Resources */ = {isa = PBXBuildFile; fileRef = 882F25C027BF4B9D00362AD8 /* Assets.xcassets */; };
		882F25C427BF4B9D00362AD8 /* Preview Assets.xcassets in Resources */ = {isa = PBXBuildFile; fileRef = 882F25C327BF4B9D00362AD8 /* Preview Assets.xcassets */; };
		882F25CF27BF4C2900362AD8 /* Bread.swift in Sources */ = {isa = PBXBuildFile; fileRef = 882F25CE27BF4C2900362AD8 /* Bread.swift */; };
		882F25DD27C19CD200362AD8 /* Breads.json in Resources */ = {isa = PBXBuildFile; fileRef = 882F25DC27C19CD200362AD8 /* Breads.json */; };
		886CC62F27C4795B00F0F79D /* Story.swift in Sources */ = {isa = PBXBuildFile; fileRef = 886CC62E27C4795B00F0F79D /* Story.swift */; };
		88B10BCA27C3FCFC00B619E8 /* BreadModel.swift in Sources */ = {isa = PBXBuildFile; fileRef = 88B10BC927C3FCFC00B619E8 /* BreadModel.swift */; };
		88B10BCD27C3FD7200B619E8 /* DataService.swift in Sources */ = {isa = PBXBuildFile; fileRef = 88B10BCC27C3FD7200B619E8 /* DataService.swift */; };
		88B10BD027C4020600B619E8 /* BreadListView.swift in Sources */ = {isa = PBXBuildFile; fileRef = 88B10BCF27C4020600B619E8 /* BreadListView.swift */; };
		88B10BD227C4022A00B619E8 /* StoryView.swift in Sources */ = {isa = PBXBuildFile; fileRef = 88B10BD127C4022A00B619E8 /* StoryView.swift */; };
		88B10BD427C4035A00B619E8 /* BreadCartView.swift in Sources */ = {isa = PBXBuildFile; fileRef = 88B10BD327C4035A00B619E8 /* BreadCartView.swift */; };
		88B10BD627C408A300B619E8 /* BreadHighlights.swift in Sources */ = {isa = PBXBuildFile; fileRef = 88B10BD527C408A200B619E8 /* BreadHighlights.swift */; };
		88B10BD827C409C300B619E8 /* BreadDetailView.swift in Sources */ = {isa = PBXBuildFile; fileRef = 88B10BD727C409C300B619E8 /* BreadDetailView.swift */; };
/* End PBXBuildFile section */

/* Begin PBXFileReference section */
		882F25B927BF4B9B00362AD8 /* BreadApp.app */ = {isa = PBXFileReference; explicitFileType = wrapper.application; includeInIndex = 0; path = BreadApp.app; sourceTree = BUILT_PRODUCTS_DIR; };
		882F25BC27BF4B9B00362AD8 /* BreadApp.swift */ = {isa = PBXFileReference; lastKnownFileType = sourcecode.swift; path = BreadApp.swift; sourceTree = "<group>"; };
		882F25BE27BF4B9B00362AD8 /* AppTabView.swift */ = {isa = PBXFileReference; lastKnownFileType = sourcecode.swift; path = AppTabView.swift; sourceTree = "<group>"; };
		882F25C027BF4B9D00362AD8 /* Assets.xcassets */ = {isa = PBXFileReference; lastKnownFileType = folder.assetcatalog; path = Assets.xcassets; sourceTree = "<group>"; };
		882F25C327BF4B9D00362AD8 /* Preview Assets.xcassets */ = {isa = PBXFileReference; lastKnownFileType = folder.assetcatalog; path = "Preview Assets.xcassets"; sourceTree = "<group>"; };
		882F25CE27BF4C2900362AD8 /* Bread.swift */ = {isa = PBXFileReference; lastKnownFileType = sourcecode.swift; path = Bread.swift; sourceTree = "<group>"; };
		882F25DC27C19CD200362AD8 /* Breads.json */ = {isa = PBXFileReference; lastKnownFileType = text.json; path = Breads.json; sourceTree = "<group>"; };
		886CC62E27C4795B00F0F79D /* Story.swift */ = {isa = PBXFileReference; lastKnownFileType = sourcecode.swift; path = Story.swift; sourceTree = "<group>"; };
		88B10BC927C3FCFC00B619E8 /* BreadModel.swift */ = {isa = PBXFileReference; lastKnownFileType = sourcecode.swift; path = BreadModel.swift; sourceTree = "<group>"; };
		88B10BCC27C3FD7200B619E8 /* DataService.swift */ = {isa = PBXFileReference; lastKnownFileType = sourcecode.swift; path = DataService.swift; sourceTree = "<group>"; };
		88B10BCF27C4020600B619E8 /* BreadListView.swift */ = {isa = PBXFileReference; lastKnownFileType = sourcecode.swift; path = BreadListView.swift; sourceTree = "<group>"; };
		88B10BD127C4022A00B619E8 /* StoryView.swift */ = {isa = PBXFileReference; lastKnownFileType = sourcecode.swift; path = StoryView.swift; sourceTree = "<group>"; };
		88B10BD327C4035A00B619E8 /* BreadCartView.swift */ = {isa = PBXFileReference; lastKnownFileType = sourcecode.swift; path = BreadCartView.swift; sourceTree = "<group>"; };
		88B10BD527C408A200B619E8 /* BreadHighlights.swift */ = {isa = PBXFileReference; lastKnownFileType = sourcecode.swift; path = BreadHighlights.swift; sourceTree = "<group>"; };
		88B10BD727C409C300B619E8 /* BreadDetailView.swift */ = {isa = PBXFileReference; lastKnownFileType = sourcecode.swift; path = BreadDetailView.swift; sourceTree = "<group>"; };
/* End PBXFileReference section */

/* Begin PBXFrameworksBuildPhase section */
		882F25B627BF4B9B00362AD8 /* Frameworks */ = {
			isa = PBXFrameworksBuildPhase;
			buildActionMask = 2147483647;
			files = (
			);
			runOnlyForDeploymentPostprocessing = 0;
		};
/* End PBXFrameworksBuildPhase section */

/* Begin PBXGroup section */
		882F25B027BF4B9B00362AD8 = {
			isa = PBXGroup;
			children = (
				882F25BB27BF4B9B00362AD8 /* BreadApp */,
				882F25BA27BF4B9B00362AD8 /* Products */,
			);
			sourceTree = "<group>";
		};
		882F25BA27BF4B9B00362AD8 /* Products */ = {
			isa = PBXGroup;
			children = (
				882F25B927BF4B9B00362AD8 /* BreadApp.app */,
			);
			name = Products;
			sourceTree = "<group>";
		};
		882F25BB27BF4B9B00362AD8 /* BreadApp */ = {
			isa = PBXGroup;
			children = (
				882F25BC27BF4B9B00362AD8 /* BreadApp.swift */,
				882F25CD27BF4BD900362AD8 /* Views */,
				882F25CB27BF4BC700362AD8 /* ViewModels */,
				882F25CA27BF4BBB00362AD8 /* Models */,
				88B10BCB27C3FD5E00B619E8 /* Services */,
				882F25DB27C19CB200362AD8 /* Resources */,
				882F25C027BF4B9D00362AD8 /* Assets.xcassets */,
				882F25C227BF4B9D00362AD8 /* Preview Content */,
			);
			path = BreadApp;
			sourceTree = "<group>";
		};
		882F25C227BF4B9D00362AD8 /* Preview Content */ = {
			isa = PBXGroup;
			children = (
				882F25C327BF4B9D00362AD8 /* Preview Assets.xcassets */,
			);
			path = "Preview Content";
			sourceTree = "<group>";
		};
		882F25CA27BF4BBB00362AD8 /* Models */ = {
			isa = PBXGroup;
			children = (
				882F25CE27BF4C2900362AD8 /* Bread.swift */,
			);
			path = Models;
			sourceTree = "<group>";
		};
		882F25CB27BF4BC700362AD8 /* ViewModels */ = {
			isa = PBXGroup;
			children = (
				88B10BC927C3FCFC00B619E8 /* BreadModel.swift */,
			);
			path = ViewModels;
			sourceTree = "<group>";
		};
		882F25CD27BF4BD900362AD8 /* Views */ = {
			isa = PBXGroup;
			children = (
				882F25BE27BF4B9B00362AD8 /* AppTabView.swift */,
				88B10BCF27C4020600B619E8 /* BreadListView.swift */,
				88B10BD727C409C300B619E8 /* BreadDetailView.swift */,
				88B10BD127C4022A00B619E8 /* StoryView.swift */,
				88B10BD327C4035A00B619E8 /* BreadCartView.swift */,
				88B10BD527C408A200B619E8 /* BreadHighlights.swift */,
			);
			path = Views;
			sourceTree = "<group>";
		};
		882F25DB27C19CB200362AD8 /* Resources */ = {
			isa = PBXGroup;
			children = (
				882F25DC27C19CD200362AD8 /* Breads.json */,
				886CC62E27C4795B00F0F79D /* Story.swift */,
			);
			path = Resources;
			sourceTree = "<group>";
		};
		88B10BCB27C3FD5E00B619E8 /* Services */ = {
			isa = PBXGroup;
			children = (
				88B10BCC27C3FD7200B619E8 /* DataService.swift */,
			);
			path = Services;
			sourceTree = "<group>";
		};
/* End PBXGroup section */

/* Begin PBXNativeTarget section */
		882F25B827BF4B9B00362AD8 /* BreadApp */ = {
			isa = PBXNativeTarget;
			buildConfigurationList = 882F25C727BF4B9D00362AD8 /* Build configuration list for PBXNativeTarget "BreadApp" */;
			buildPhases = (
				882F25B527BF4B9B00362AD8 /* Sources */,
				882F25B627BF4B9B00362AD8 /* Frameworks */,
				882F25B727BF4B9B00362AD8 /* Resources */,
			);
			buildRules = (
			);
			dependencies = (
			);
			name = BreadApp;
			productName = BreadApp;
			productReference = 882F25B927BF4B9B00362AD8 /* BreadApp.app */;
			productType = "com.apple.product-type.application";
		};
/* End PBXNativeTarget section */

/* Begin PBXProject section */
		882F25B127BF4B9B00362AD8 /* Project object */ = {
			isa = PBXProject;
			attributes = {
				BuildIndependentTargetsInParallel = 1;
				LastSwiftUpdateCheck = 1300;
				LastUpgradeCheck = 1300;
				TargetAttributes = {
					882F25B827BF4B9B00362AD8 = {
						CreatedOnToolsVersion = 13.0;
					};
				};
			};
			buildConfigurationList = 882F25B427BF4B9B00362AD8 /* Build configuration list for PBXProject "BreadApp" */;
			compatibilityVersion = "Xcode 13.0";
			developmentRegion = en;
			hasScannedForEncodings = 0;
			knownRegions = (
				en,
				Base,
			);
			mainGroup = 882F25B027BF4B9B00362AD8;
			productRefGroup = 882F25BA27BF4B9B00362AD8 /* Products */;
			projectDirPath = "";
			projectRoot = "";
			targets = (
				882F25B827BF4B9B00362AD8 /* BreadApp */,
			);
		};
/* End PBXProject section */

/* Begin PBXResourcesBuildPhase section */
		882F25B727BF4B9B00362AD8 /* Resources */ = {
			isa = PBXResourcesBuildPhase;
			buildActionMask = 2147483647;
			files = (
				882F25C427BF4B9D00362AD8 /* Preview Assets.xcassets in Resources */,
				882F25DD27C19CD200362AD8 /* Breads.json in Resources */,
				882F25C127BF4B9D00362AD8 /* Assets.xcassets in Resources */,
			);
			runOnlyForDeploymentPostprocessing = 0;
		};
/* End PBXResourcesBuildPhase section */

/* Begin PBXSourcesBuildPhase section */
		882F25B527BF4B9B00362AD8 /* Sources */ = {
			isa = PBXSourcesBuildPhase;
			buildActionMask = 2147483647;
			files = (
				882F25BF27BF4B9B00362AD8 /* AppTabView.swift in Sources */,
				88B10BD427C4035A00B619E8 /* BreadCartView.swift in Sources */,
				88B10BD827C409C300B619E8 /* BreadDetailView.swift in Sources */,
				88B10BD027C4020600B619E8 /* BreadListView.swift in Sources */,
				882F25CF27BF4C2900362AD8 /* Bread.swift in Sources */,
				88B10BD227C4022A00B619E8 /* StoryView.swift in Sources */,
				88B10BCA27C3FCFC00B619E8 /* BreadModel.swift in Sources */,
				882F25BD27BF4B9B00362AD8 /* BreadApp.swift in Sources */,
				88B10BCD27C3FD7200B619E8 /* DataService.swift in Sources */,
				88B10BD627C408A300B619E8 /* BreadHighlights.swift in Sources */,
				886CC62F27C4795B00F0F79D /* Story.swift in Sources */,
			);
			runOnlyForDeploymentPostprocessing = 0;
		};
/* End PBXSourcesBuildPhase section */

/* Begin XCBuildConfiguration section */
		882F25C527BF4B9D00362AD8 /* Debug */ = {
			isa = XCBuildConfiguration;
			buildSettings = {
				ALWAYS_SEARCH_USER_PATHS = NO;
				CLANG_ANALYZER_NONNULL = YES;
				CLANG_ANALYZER_NUMBER_OBJECT_CONVERSION = YES_AGGRESSIVE;
				CLANG_CXX_LANGUAGE_STANDARD = "gnu++17";
				CLANG_CXX_LIBRARY = "libc++";
				CLANG_ENABLE_MODULES = YES;
				CLANG_ENABLE_OBJC_ARC = YES;
				CLANG_ENABLE_OBJC_WEAK = YES;
				CLANG_WARN_BLOCK_CAPTURE_AUTORELEASING = YES;
				CLANG_WARN_BOOL_CONVERSION = YES;
				CLANG_WARN_COMMA = YES;
				CLANG_WARN_CONSTANT_CONVERSION = YES;
				CLANG_WARN_DEPRECATED_OBJC_IMPLEMENTATIONS = YES;
				CLANG_WARN_DIRECT_OBJC_ISA_USAGE = YES_ERROR;
				CLANG_WARN_DOCUMENTATION_COMMENTS = YES;
				CLANG_WARN_EMPTY_BODY = YES;
				CLANG_WARN_ENUM_CONVERSION = YES;
				CLANG_WARN_INFINITE_RECURSION = YES;
				CLANG_WARN_INT_CONVERSION = YES;
				CLANG_WARN_NON_LITERAL_NULL_CONVERSION = YES;
				CLANG_WARN_OBJC_IMPLICIT_RETAIN_SELF = YES;
				CLANG_WARN_OBJC_LITERAL_CONVERSION = YES;
				CLANG_WARN_OBJC_ROOT_CLASS = YES_ERROR;
				CLANG_WARN_QUOTED_INCLUDE_IN_FRAMEWORK_HEADER = YES;
				CLANG_WARN_RANGE_LOOP_ANALYSIS = YES;
				CLANG_WARN_STRICT_PROTOTYPES = YES;
				CLANG_WARN_SUSPICIOUS_MOVE = YES;
				CLANG_WARN_UNGUARDED_AVAILABILITY = YES_AGGRESSIVE;
				CLANG_WARN_UNREACHABLE_CODE = YES;
				CLANG_WARN__DUPLICATE_METHOD_MATCH = YES;
				COPY_PHASE_STRIP = NO;
				DEBUG_INFORMATION_FORMAT = dwarf;
				ENABLE_STRICT_OBJC_MSGSEND = YES;
				ENABLE_TESTABILITY = YES;
				GCC_C_LANGUAGE_STANDARD = gnu11;
				GCC_DYNAMIC_NO_PIC = NO;
				GCC_NO_COMMON_BLOCKS = YES;
				GCC_OPTIMIZATION_LEVEL = 0;
				GCC_PREPROCESSOR_DEFINITIONS = (
					"DEBUG=1",
					"$(inherited)",
				);
				GCC_WARN_64_TO_32_BIT_CONVERSION = YES;
				GCC_WARN_ABOUT_RETURN_TYPE = YES_ERROR;
				GCC_WARN_UNDECLARED_SELECTOR = YES;
				GCC_WARN_UNINITIALIZED_AUTOS = YES_AGGRESSIVE;
				GCC_WARN_UNUSED_FUNCTION = YES;
				GCC_WARN_UNUSED_VARIABLE = YES;
				IPHONEOS_DEPLOYMENT_TARGET = 15.0;
				MTL_ENABLE_DEBUG_INFO = INCLUDE_SOURCE;
				MTL_FAST_MATH = YES;
				ONLY_ACTIVE_ARCH = YES;
				SDKROOT = iphoneos;
				SWIFT_ACTIVE_COMPILATION_CONDITIONS = DEBUG;
				SWIFT_OPTIMIZATION_LEVEL = "-Onone";
			};
			name = Debug;
		};
		882F25C627BF4B9D00362AD8 /* Release */ = {
			isa = XCBuildConfiguration;
			buildSettings = {
				ALWAYS_SEARCH_USER_PATHS = NO;
				CLANG_ANALYZER_NONNULL = YES;
				CLANG_ANALYZER_NUMBER_OBJECT_CONVERSION = YES_AGGRESSIVE;
				CLANG_CXX_LANGUAGE_STANDARD = "gnu++17";
				CLANG_CXX_LIBRARY = "libc++";
				CLANG_ENABLE_MODULES = YES;
				CLANG_ENABLE_OBJC_ARC = YES;
				CLANG_ENABLE_OBJC_WEAK = YES;
				CLANG_WARN_BLOCK_CAPTURE_AUTORELEASING = YES;
				CLANG_WARN_BOOL_CONVERSION = YES;
				CLANG_WARN_COMMA = YES;
				CLANG_WARN_CONSTANT_CONVERSION = YES;
				CLANG_WARN_DEPRECATED_OBJC_IMPLEMENTATIONS = YES;
				CLANG_WARN_DIRECT_OBJC_ISA_USAGE = YES_ERROR;
				CLANG_WARN_DOCUMENTATION_COMMENTS = YES;
				CLANG_WARN_EMPTY_BODY = YES;
				CLANG_WARN_ENUM_CONVERSION = YES;
				CLANG_WARN_INFINITE_RECURSION = YES;
				CLANG_WARN_INT_CONVERSION = YES;
				CLANG_WARN_NON_LITERAL_NULL_CONVERSION = YES;
				CLANG_WARN_OBJC_IMPLICIT_RETAIN_SELF = YES;
				CLANG_WARN_OBJC_LITERAL_CONVERSION = YES;
				CLANG_WARN_OBJC_ROOT_CLASS = YES_ERROR;
				CLANG_WARN_QUOTED_INCLUDE_IN_FRAMEWORK_HEADER = YES;
				CLANG_WARN_RANGE_LOOP_ANALYSIS = YES;
				CLANG_WARN_STRICT_PROTOTYPES = YES;
				CLANG_WARN_SUSPICIOUS_MOVE = YES;
				CLANG_WARN_UNGUARDED_AVAILABILITY = YES_AGGRESSIVE;
				CLANG_WARN_UNREACHABLE_CODE = YES;
				CLANG_WARN__DUPLICATE_METHOD_MATCH = YES;
				COPY_PHASE_STRIP = NO;
				DEBUG_INFORMATION_FORMAT = "dwarf-with-dsym";
				ENABLE_NS_ASSERTIONS = NO;
				ENABLE_STRICT_OBJC_MSGSEND = YES;
				GCC_C_LANGUAGE_STANDARD = gnu11;
				GCC_NO_COMMON_BLOCKS = YES;
				GCC_WARN_64_TO_32_BIT_CONVERSION = YES;
				GCC_WARN_ABOUT_RETURN_TYPE = YES_ERROR;
				GCC_WARN_UNDECLARED_SELECTOR = YES;
				GCC_WARN_UNINITIALIZED_AUTOS = YES_AGGRESSIVE;
				GCC_WARN_UNUSED_FUNCTION = YES;
				GCC_WARN_UNUSED_VARIABLE = YES;
				IPHONEOS_DEPLOYMENT_TARGET = 15.0;
				MTL_ENABLE_DEBUG_INFO = NO;
				MTL_FAST_MATH = YES;
				SDKROOT = iphoneos;
				SWIFT_COMPILATION_MODE = wholemodule;
				SWIFT_OPTIMIZATION_LEVEL = "-O";
				VALIDATE_PRODUCT = YES;
			};
			name = Release;
		};
		882F25C827BF4B9D00362AD8 /* Debug */ = {
			isa = XCBuildConfiguration;
			buildSettings = {
				ASSETCATALOG_COMPILER_APPICON_NAME = AppIcon;
				ASSETCATALOG_COMPILER_GLOBAL_ACCENT_COLOR_NAME = AccentColor;
				CODE_SIGN_STYLE = Automatic;
				CURRENT_PROJECT_VERSION = 1;
				DEVELOPMENT_ASSET_PATHS = "\"BreadApp/Preview Content\"";
				DEVELOPMENT_TEAM = T7U59T7T77;
				ENABLE_PREVIEWS = YES;
				GENERATE_INFOPLIST_FILE = YES;
				INFOPLIST_KEY_UIApplicationSceneManifest_Generation = YES;
				INFOPLIST_KEY_UIApplicationSupportsIndirectInputEvents = YES;
				INFOPLIST_KEY_UILaunchScreen_Generation = YES;
				INFOPLIST_KEY_UISupportedInterfaceOrientations_iPad = "UIInterfaceOrientationPortrait UIInterfaceOrientationPortraitUpsideDown UIInterfaceOrientationLandscapeLeft UIInterfaceOrientationLandscapeRight";
				INFOPLIST_KEY_UISupportedInterfaceOrientations_iPhone = "UIInterfaceOrientationPortrait UIInterfaceOrientationLandscapeLeft UIInterfaceOrientationLandscapeRight";
				IPHONEOS_DEPLOYMENT_TARGET = 14.0;
				LD_RUNPATH_SEARCH_PATHS = (
					"$(inherited)",
					"@executable_path/Frameworks",
				);
				MARKETING_VERSION = 1.0;
				PRODUCT_BUNDLE_IDENTIFIER = com.example.BreadApp;
				PRODUCT_NAME = "$(TARGET_NAME)";
				SWIFT_EMIT_LOC_STRINGS = YES;
				SWIFT_VERSION = 5.0;
				TARGETED_DEVICE_FAMILY = "1,2";
			};
			name = Debug;
		};
		882F25C927BF4B9D00362AD8 /* Release */ = {
			isa = XCBuildConfiguration;
			buildSettings = {
				ASSETCATALOG_COMPILER_APPICON_NAME = AppIcon;
				ASSETCATALOG_COMPILER_GLOBAL_ACCENT_COLOR_NAME = AccentColor;
				CODE_SIGN_STYLE = Automatic;
				CURRENT_PROJECT_VERSION = 1;
				DEVELOPMENT_ASSET_PATHS = "\"BreadApp/Preview Content\"";
				DEVELOPMENT_TEAM = T7U59T7T77;
				ENABLE_PREVIEWS = YES;
				GENERATE_INFOPLIST_FILE = YES;
				INFOPLIST_KEY_UIApplicationSceneManifest_Generation = YES;
				INFOPLIST_KEY_UIApplicationSupportsIndirectInputEvents = YES;
				INFOPLIST_KEY_UILaunchScreen_Generation = YES;
				INFOPLIST_KEY_UISupportedInterfaceOrientations_iPad = "UIInterfaceOrientationPortrait UIInterfaceOrientationPortraitUpsideDown UIInterfaceOrientationLandscapeLeft UIInterfaceOrientationLandscapeRight";
				INFOPLIST_KEY_UISupportedInterfaceOrientations_iPhone = "UIInterfaceOrientationPortrait UIInterfaceOrientationLandscapeLeft UIInterfaceOrientationLandscapeRight";
				IPHONEOS_DEPLOYMENT_TARGET = 14.0;
				LD_RUNPATH_SEARCH_PATHS = (
					"$(inherited)",
					"@executable_path/Frameworks",
				);
				MARKETING_VERSION = 1.0;
				PRODUCT_BUNDLE_IDENTIFIER = com.example.BreadApp;
				PRODUCT_NAME = "$(TARGET_NAME)";
				SWIFT_EMIT_LOC_STRINGS = YES;
				SWIFT_VERSION = 5.0;
				TARGETED_DEVICE_FAMILY = "1,2";
			};
			name = Release;
		};
/* End XCBuildConfiguration section */

/* Begin XCConfigurationList section */
		882F25B427BF4B9B00362AD8 /* Build configuration list for PBXProject "BreadApp" */ = {
			isa = XCConfigurationList;
			buildConfigurations = (
				882F25C527BF4B9D00362AD8 /* Debug */,
				882F25C627BF4B9D00362AD8 /* Release */,
			);
			defaultConfigurationIsVisible = 0;
			defaultConfigurationName = Release;
		};
		882F25C727BF4B9D00362AD8 /* Build configuration list for PBXNativeTarget "BreadApp" */ = {
			isa = XCConfigurationList;
			buildConfigurations = (
				882F25C827BF4B9D00362AD8 /* Debug */,
				882F25C927BF4B9D00362AD8 /* Release */,
			);
			defaultConfigurationIsVisible = 0;
			defaultConfigurationName = Release;
		};
/* End XCConfigurationList section */
	};
	rootObject = 882F25B127BF4B9B00362AD8 /* Project object */;
}
